
Microsoft Visual Studio Solution File, Format Version 12.00
# Visual Studio Version 17
VisualStudioVersion = 17.14.36119.2
MinimumVisualStudioVersion = 10.0.40219.1
Project("{FAE04EC0-301F-11D3-BF4B-00C04F79EFBC}") = "PotpotMotorShopPOS", "PotpotMotorShopPOS\PotpotMotorShopPOS.csproj", "{C1133A97-EEBF-4AFF-803B-5FBF39D91CBB}"
EndProject
Global
	GlobalSection(SolutionConfigurationPlatforms) = preSolution
		Debug|Any CPU = Debug|Any CPU
		Release|Any CPU = Release|Any CPU
	EndGlobalSection
	GlobalSection(ProjectConfigurationPlatforms) = postSolution
		{C1133A97-EEBF-4AFF-803B-5FBF39D91CBB}.Debug|Any CPU.ActiveCfg = Debug|Any CPU
		{C1133A97-EEBF-4AFF-803B-5FBF39D91CBB}.Debug|Any CPU.Build.0 = Debug|Any CPU
		{C1133A97-EEBF-4AFF-803B-5FBF39D91CBB}.Release|Any CPU.ActiveCfg = Release|Any CPU
		{C1133A97-EEBF-4AFF-803B-5FBF39D91CBB}.Release|Any CPU.Build.0 = Release|Any CPU
	EndGlobalSection
	GlobalSection(SolutionProperties) = preSolution
		HideSolutionNode = FALSE
	EndGlobalSection
	GlobalSection(ExtensibilityGlobals) = postSolution
		SolutionGuid = {2515DC8C-848C-4705-8E8B-AD52FFD7B768}
	EndGlobalSection
EndGlobal
